
Microsoft Visual Studio Solution File, Format Version 11.00
# Visual Studio 2010
Project("{FAE04EC0-301F-11D3-BF4B-00C04F79EFBC}") = "Game Box", "Game Box\Game Box.csproj", "{F12A4AF0-9DBD-49C2-8117-AB7600634E92}"
EndProject
Project("{54435603-DBB4-11D2-8724-00A0C9A8B90C}") = "Setup_MediaBox", "Setup_MediaBox\Setup_MediaBox.vdproj", "{DBBAD93E-7EB6-44F4-AD81-A5B4D0F90AA0}"
EndProject
Global
	GlobalSection(SolutionConfigurationPlatforms) = preSolution
		Debug|x86 = Debug|x86
		Release|x86 = Release|x86
	EndGlobalSection
	GlobalSection(ProjectConfigurationPlatforms) = postSolution
		{F12A4AF0-9DBD-49C2-8117-AB7600634E92}.Debug|x86.ActiveCfg = Debug|x86
		{F12A4AF0-9DBD-49C2-8117-AB7600634E92}.Debug|x86.Build.0 = Debug|x86
		{F12A4AF0-9DBD-49C2-8117-AB7600634E92}.Release|x86.ActiveCfg = Release|x86
		{F12A4AF0-9DBD-49C2-8117-AB7600634E92}.Release|x86.Build.0 = Release|x86
		{DBBAD93E-7EB6-44F4-AD81-A5B4D0F90AA0}.Debug|x86.ActiveCfg = Debug
		{DBBAD93E-7EB6-44F4-AD81-A5B4D0F90AA0}.Release|x86.ActiveCfg = Release
	EndGlobalSection
	GlobalSection(SolutionProperties) = preSolution
		HideSolutionNode = FALSE
	EndGlobalSection
EndGlobal
